
Microsoft Visual Studio Solution File, Format Version 12.00
# Visual Studio Version 17
VisualStudioVersion = 17.10.35027.167
MinimumVisualStudioVersion = 10.0.40219.1
Project("{2150E333-8FDC-42A3-9474-1A3956D46DE8}") = "Solution Items", "Solution Items", "{C59A1BEC-8591-4A9E-ABB8-4F6AFA61567D}"
	ProjectSection(SolutionItems) = preProject
		.editorconfig = .editorconfig
	EndProjectSection
EndProject
Project("{9A19103F-16F7-4668-BE54-9A1E7A4F7556}") = "BESM3CA", "BESM3CA\BESM3CA.csproj", "{132BB3F6-CD91-46C6-8D07-3DEA6A0DEFF4}"
EndProject
Project("{9A19103F-16F7-4668-BE54-9A1E7A4F7556}") = "BESM3CAData", "BESM3CAData\BESM3CAData.csproj", "{DF303078-8FBC-4659-BAC5-261829B2E4F9}"
EndProject
Project("{9A19103F-16F7-4668-BE54-9A1E7A4F7556}") = "BESM3CAData.Test", "BESM3CAData.Test\BESM3CAData.Test.csproj", "{1A272AC3-DF94-401A-A8FA-AE56D8171210}"
EndProject
Project("{9A19103F-16F7-4668-BE54-9A1E7A4F7556}") = "Triarch.Dtos", "Triarch.Dtos\Triarch.Dtos.csproj", "{5528B3EA-7FAC-4F14-89A0-1EBF791FC614}"
EndProject
Global
	GlobalSection(SolutionConfigurationPlatforms) = preSolution
		Debug|Any CPU = Debug|Any CPU
		Release|Any CPU = Release|Any CPU
	EndGlobalSection
	GlobalSection(ProjectConfigurationPlatforms) = postSolution
		{132BB3F6-CD91-46C6-8D07-3DEA6A0DEFF4}.Debug|Any CPU.ActiveCfg = Debug|Any CPU
		{132BB3F6-CD91-46C6-8D07-3DEA6A0DEFF4}.Debug|Any CPU.Build.0 = Debug|Any CPU
		{132BB3F6-CD91-46C6-8D07-3DEA6A0DEFF4}.Release|Any CPU.ActiveCfg = Release|Any CPU
		{132BB3F6-CD91-46C6-8D07-3DEA6A0DEFF4}.Release|Any CPU.Build.0 = Release|Any CPU
		{DF303078-8FBC-4659-BAC5-261829B2E4F9}.Debug|Any CPU.ActiveCfg = Debug|Any CPU
		{DF303078-8FBC-4659-BAC5-261829B2E4F9}.Debug|Any CPU.Build.0 = Debug|Any CPU
		{DF303078-8FBC-4659-BAC5-261829B2E4F9}.Release|Any CPU.ActiveCfg = Release|Any CPU
		{DF303078-8FBC-4659-BAC5-261829B2E4F9}.Release|Any CPU.Build.0 = Release|Any CPU
		{1A272AC3-DF94-401A-A8FA-AE56D8171210}.Debug|Any CPU.ActiveCfg = Debug|Any CPU
		{1A272AC3-DF94-401A-A8FA-AE56D8171210}.Debug|Any CPU.Build.0 = Debug|Any CPU
		{1A272AC3-DF94-401A-A8FA-AE56D8171210}.Release|Any CPU.ActiveCfg = Release|Any CPU
		{1A272AC3-DF94-401A-A8FA-AE56D8171210}.Release|Any CPU.Build.0 = Release|Any CPU
		{5528B3EA-7FAC-4F14-89A0-1EBF791FC614}.Debug|Any CPU.ActiveCfg = Debug|Any CPU
		{5528B3EA-7FAC-4F14-89A0-1EBF791FC614}.Debug|Any CPU.Build.0 = Debug|Any CPU
		{5528B3EA-7FAC-4F14-89A0-1EBF791FC614}.Release|Any CPU.ActiveCfg = Release|Any CPU
		{5528B3EA-7FAC-4F14-89A0-1EBF791FC614}.Release|Any CPU.Build.0 = Release|Any CPU
	EndGlobalSection
	GlobalSection(SolutionProperties) = preSolution
		HideSolutionNode = FALSE
	EndGlobalSection
	GlobalSection(ExtensibilityGlobals) = postSolution
		SolutionGuid = {D9D05774-632C-419C-BBEB-2B1BB575074D}
	EndGlobalSection
EndGlobal
