
Microsoft Visual Studio Solution File, Format Version 12.00
# Visual Studio Version 16
VisualStudioVersion = 16.0.30621.155
MinimumVisualStudioVersion = 10.0.40219.1
Project("{9A19103F-16F7-4668-BE54-9A1E7A4F7556}") = "BESM3CA", "BESM3CA\BESM3CA.csproj", "{A34DD826-41B6-4871-9300-C8D08AAA3BF4}"
EndProject
Global
	GlobalSection(SolutionConfigurationPlatforms) = preSolution
		Debug|Any CPU = Debug|Any CPU
		Debug|x64 = Debug|x64
		Release|Any CPU = Release|Any CPU
		Release|x64 = Release|x64
	EndGlobalSection
	GlobalSection(ProjectConfigurationPlatforms) = postSolution
		{A34DD826-41B6-4871-9300-C8D08AAA3BF4}.Debug|Any CPU.ActiveCfg = Debug|Any CPU
		{A34DD826-41B6-4871-9300-C8D08AAA3BF4}.Debug|Any CPU.Build.0 = Debug|Any CPU
		{A34DD826-41B6-4871-9300-C8D08AAA3BF4}.Debug|x64.ActiveCfg = Debug|x64
		{A34DD826-41B6-4871-9300-C8D08AAA3BF4}.Debug|x64.Build.0 = Debug|x64
		{A34DD826-41B6-4871-9300-C8D08AAA3BF4}.Release|Any CPU.ActiveCfg = Release|Any CPU
		{A34DD826-41B6-4871-9300-C8D08AAA3BF4}.Release|Any CPU.Build.0 = Release|Any CPU
		{A34DD826-41B6-4871-9300-C8D08AAA3BF4}.Release|x64.ActiveCfg = Release|x64
		{A34DD826-41B6-4871-9300-C8D08AAA3BF4}.Release|x64.Build.0 = Release|x64
	EndGlobalSection
	GlobalSection(SolutionProperties) = preSolution
		HideSolutionNode = FALSE
	EndGlobalSection
	GlobalSection(ExtensibilityGlobals) = postSolution
		SolutionGuid = {D9D05774-632C-419C-BBEB-2B1BB575074D}
	EndGlobalSection
EndGlobal
